// !$*UTF8*$!
{
	archiveVersion = 1;
	classes = {
	};
	objectVersion = 50;
	objects = {

/* Begin PBXBuildFile section */
		EA08F308263C9D9100C068F4 /* GameViewModel.swift in Sources */ = {isa = PBXBuildFile; fileRef = EA08F307263C9D9100C068F4 /* GameViewModel.swift */; };
		EA78EE22263C63C700A022B1 /* TicTacToeApp.swift in Sources */ = {isa = PBXBuildFile; fileRef = EA78EE21263C63C700A022B1 /* TicTacToeApp.swift */; };
		EA78EE24263C63C700A022B1 /* GameView.swift in Sources */ = {isa = PBXBuildFile; fileRef = EA78EE23263C63C700A022B1 /* GameView.swift */; };
		EA78EE26263C63C800A022B1 /* Assets.xcassets in Resources */ = {isa = PBXBuildFile; fileRef = EA78EE25263C63C800A022B1 /* Assets.xcassets */; };
		EA78EE29263C63C800A022B1 /* Preview Assets.xcassets in Resources */ = {isa = PBXBuildFile; fileRef = EA78EE28263C63C800A022B1 /* Preview Assets.xcassets */; };
		EA78EE34263C63C800A022B1 /* TicTacToeTests.swift in Sources */ = {isa = PBXBuildFile; fileRef = EA78EE33263C63C800A022B1 /* TicTacToeTests.swift */; };
		EA78EE3F263C63C800A022B1 /* TicTacToeUITests.swift in Sources */ = {isa = PBXBuildFile; fileRef = EA78EE3E263C63C800A022B1 /* TicTacToeUITests.swift */; };
		EA78EE4D263C707700A022B1 /* Alerts.swift in Sources */ = {isa = PBXBuildFile; fileRef = EA78EE4C263C707700A022B1 /* Alerts.swift */; };
		EAB80223264221BF00CF61C8 /* GameViewModelTests.swift in Sources */ = {isa = PBXBuildFile; fileRef = EAB80222264221BF00CF61C8 /* GameViewModelTests.swift */; };
/* End PBXBuildFile section */

/* Begin PBXContainerItemProxy section */
		EA78EE30263C63C800A022B1 /* PBXContainerItemProxy */ = {
			isa = PBXContainerItemProxy;
			containerPortal = EA78EE16263C63C700A022B1 /* Project object */;
			proxyType = 1;
			remoteGlobalIDString = EA78EE1D263C63C700A022B1;
			remoteInfo = TicTacToe;
		};
		EA78EE3B263C63C800A022B1 /* PBXContainerItemProxy */ = {
			isa = PBXContainerItemProxy;
			containerPortal = EA78EE16263C63C700A022B1 /* Project object */;
			proxyType = 1;
			remoteGlobalIDString = EA78EE1D263C63C700A022B1;
			remoteInfo = TicTacToe;
		};
/* End PBXContainerItemProxy section */

/* Begin PBXFileReference section */
		EA08F307263C9D9100C068F4 /* GameViewModel.swift */ = {isa = PBXFileReference; lastKnownFileType = sourcecode.swift; path = GameViewModel.swift; sourceTree = "<group>"; };
		EA78EE1E263C63C700A022B1 /* TicTacToe.app */ = {isa = PBXFileReference; explicitFileType = wrapper.application; includeInIndex = 0; path = TicTacToe.app; sourceTree = BUILT_PRODUCTS_DIR; };
		EA78EE21263C63C700A022B1 /* TicTacToeApp.swift */ = {isa = PBXFileReference; lastKnownFileType = sourcecode.swift; path = TicTacToeApp.swift; sourceTree = "<group>"; };
		EA78EE23263C63C700A022B1 /* GameView.swift */ = {isa = PBXFileReference; lastKnownFileType = sourcecode.swift; path = GameView.swift; sourceTree = "<group>"; };
		EA78EE25263C63C800A022B1 /* Assets.xcassets */ = {isa = PBXFileReference; lastKnownFileType = folder.assetcatalog; path = Assets.xcassets; sourceTree = "<group>"; };
		EA78EE28263C63C800A022B1 /* Preview Assets.xcassets */ = {isa = PBXFileReference; lastKnownFileType = folder.assetcatalog; path = "Preview Assets.xcassets"; sourceTree = "<group>"; };
		EA78EE2A263C63C800A022B1 /* Info.plist */ = {isa = PBXFileReference; lastKnownFileType = text.plist.xml; path = Info.plist; sourceTree = "<group>"; };
		EA78EE2F263C63C800A022B1 /* TicTacToeTests.xctest */ = {isa = PBXFileReference; explicitFileType = wrapper.cfbundle; includeInIndex = 0; path = TicTacToeTests.xctest; sourceTree = BUILT_PRODUCTS_DIR; };
		EA78EE33263C63C800A022B1 /* TicTacToeTests.swift */ = {isa = PBXFileReference; lastKnownFileType = sourcecode.swift; path = TicTacToeTests.swift; sourceTree = "<group>"; };
		EA78EE35263C63C800A022B1 /* Info.plist */ = {isa = PBXFileReference; lastKnownFileType = text.plist.xml; path = Info.plist; sourceTree = "<group>"; };
		EA78EE3A263C63C800A022B1 /* TicTacToeUITests.xctest */ = {isa = PBXFileReference; explicitFileType = wrapper.cfbundle; includeInIndex = 0; path = TicTacToeUITests.xctest; sourceTree = BUILT_PRODUCTS_DIR; };
		EA78EE3E263C63C800A022B1 /* TicTacToeUITests.swift */ = {isa = PBXFileReference; lastKnownFileType = sourcecode.swift; path = TicTacToeUITests.swift; sourceTree = "<group>"; };
		EA78EE40263C63C800A022B1 /* Info.plist */ = {isa = PBXFileReference; lastKnownFileType = text.plist.xml; path = Info.plist; sourceTree = "<group>"; };
		EA78EE4C263C707700A022B1 /* Alerts.swift */ = {isa = PBXFileReference; lastKnownFileType = sourcecode.swift; path = Alerts.swift; sourceTree = "<group>"; };
		EAB80222264221BF00CF61C8 /* GameViewModelTests.swift */ = {isa = PBXFileReference; lastKnownFileType = sourcecode.swift; path = GameViewModelTests.swift; sourceTree = "<group>"; };
/* End PBXFileReference section */

/* Begin PBXFrameworksBuildPhase section */
		EA78EE1B263C63C700A022B1 /* Frameworks */ = {
			isa = PBXFrameworksBuildPhase;
			buildActionMask = 2147483647;
			files = (
			);
			runOnlyForDeploymentPostprocessing = 0;
		};
		EA78EE2C263C63C800A022B1 /* Frameworks */ = {
			isa = PBXFrameworksBuildPhase;
			buildActionMask = 2147483647;
			files = (
			);
			runOnlyForDeploymentPostprocessing = 0;
		};
		EA78EE37263C63C800A022B1 /* Frameworks */ = {
			isa = PBXFrameworksBuildPhase;
			buildActionMask = 2147483647;
			files = (
			);
			runOnlyForDeploymentPostprocessing = 0;
		};
/* End PBXFrameworksBuildPhase section */

/* Begin PBXGroup section */
		EA78EE15263C63C700A022B1 = {
			isa = PBXGroup;
			children = (
				EA78EE20263C63C700A022B1 /* TicTacToe */,
				EA78EE32263C63C800A022B1 /* TicTacToeTests */,
				EA78EE3D263C63C800A022B1 /* TicTacToeUITests */,
				EA78EE1F263C63C700A022B1 /* Products */,
			);
			sourceTree = "<group>";
		};
		EA78EE1F263C63C700A022B1 /* Products */ = {
			isa = PBXGroup;
			children = (
				EA78EE1E263C63C700A022B1 /* TicTacToe.app */,
				EA78EE2F263C63C800A022B1 /* TicTacToeTests.xctest */,
				EA78EE3A263C63C800A022B1 /* TicTacToeUITests.xctest */,
			);
			name = Products;
			sourceTree = "<group>";
		};
		EA78EE20263C63C700A022B1 /* TicTacToe */ = {
			isa = PBXGroup;
			children = (
				EA78EE21263C63C700A022B1 /* TicTacToeApp.swift */,
				EA78EE23263C63C700A022B1 /* GameView.swift */,
				EA08F307263C9D9100C068F4 /* GameViewModel.swift */,
				EA78EE25263C63C800A022B1 /* Assets.xcassets */,
				EA78EE2A263C63C800A022B1 /* Info.plist */,
				EA78EE27263C63C800A022B1 /* Preview Content */,
				EA78EE4C263C707700A022B1 /* Alerts.swift */,
			);
			path = TicTacToe;
			sourceTree = "<group>";
		};
		EA78EE27263C63C800A022B1 /* Preview Content */ = {
			isa = PBXGroup;
			children = (
				EA78EE28263C63C800A022B1 /* Preview Assets.xcassets */,
			);
			path = "Preview Content";
			sourceTree = "<group>";
		};
		EA78EE32263C63C800A022B1 /* TicTacToeTests */ = {
			isa = PBXGroup;
			children = (
				EA78EE33263C63C800A022B1 /* TicTacToeTests.swift */,
				EA78EE35263C63C800A022B1 /* Info.plist */,
				EAB80222264221BF00CF61C8 /* GameViewModelTests.swift */,
			);
			path = TicTacToeTests;
			sourceTree = "<group>";
		};
		EA78EE3D263C63C800A022B1 /* TicTacToeUITests */ = {
			isa = PBXGroup;
			children = (
				EA78EE3E263C63C800A022B1 /* TicTacToeUITests.swift */,
				EA78EE40263C63C800A022B1 /* Info.plist */,
			);
			path = TicTacToeUITests;
			sourceTree = "<group>";
		};
/* End PBXGroup section */

/* Begin PBXNativeTarget section */
		EA78EE1D263C63C700A022B1 /* TicTacToe */ = {
			isa = PBXNativeTarget;
			buildConfigurationList = EA78EE43263C63C800A022B1 /* Build configuration list for PBXNativeTarget "TicTacToe" */;
			buildPhases = (
				EA78EE1A263C63C700A022B1 /* Sources */,
				EA78EE1B263C63C700A022B1 /* Frameworks */,
				EA78EE1C263C63C700A022B1 /* Resources */,
			);
			buildRules = (
			);
			dependencies = (
			);
			name = TicTacToe;
			productName = TicTacToe;
			productReference = EA78EE1E263C63C700A022B1 /* TicTacToe.app */;
			productType = "com.apple.product-type.application";
		};
		EA78EE2E263C63C800A022B1 /* TicTacToeTests */ = {
			isa = PBXNativeTarget;
			buildConfigurationList = EA78EE46263C63C800A022B1 /* Build configuration list for PBXNativeTarget "TicTacToeTests" */;
			buildPhases = (
				EA78EE2B263C63C800A022B1 /* Sources */,
				EA78EE2C263C63C800A022B1 /* Frameworks */,
				EA78EE2D263C63C800A022B1 /* Resources */,
			);
			buildRules = (
			);
			dependencies = (
				EA78EE31263C63C800A022B1 /* PBXTargetDependency */,
			);
			name = TicTacToeTests;
			productName = TicTacToeTests;
			productReference = EA78EE2F263C63C800A022B1 /* TicTacToeTests.xctest */;
			productType = "com.apple.product-type.bundle.unit-test";
		};
		EA78EE39263C63C800A022B1 /* TicTacToeUITests */ = {
			isa = PBXNativeTarget;
			buildConfigurationList = EA78EE49263C63C800A022B1 /* Build configuration list for PBXNativeTarget "TicTacToeUITests" */;
			buildPhases = (
				EA78EE36263C63C800A022B1 /* Sources */,
				EA78EE37263C63C800A022B1 /* Frameworks */,
				EA78EE38263C63C800A022B1 /* Resources */,
			);
			buildRules = (
			);
			dependencies = (
				EA78EE3C263C63C800A022B1 /* PBXTargetDependency */,
			);
			name = TicTacToeUITests;
			productName = TicTacToeUITests;
			productReference = EA78EE3A263C63C800A022B1 /* TicTacToeUITests.xctest */;
			productType = "com.apple.product-type.bundle.ui-testing";
		};
/* End PBXNativeTarget section */

/* Begin PBXProject section */
		EA78EE16263C63C700A022B1 /* Project object */ = {
			isa = PBXProject;
			attributes = {
				LastSwiftUpdateCheck = 1250;
				LastUpgradeCheck = 1250;
				TargetAttributes = {
					EA78EE1D263C63C700A022B1 = {
						CreatedOnToolsVersion = 12.5;
					};
					EA78EE2E263C63C800A022B1 = {
						CreatedOnToolsVersion = 12.5;
						TestTargetID = EA78EE1D263C63C700A022B1;
					};
					EA78EE39263C63C800A022B1 = {
						CreatedOnToolsVersion = 12.5;
						TestTargetID = EA78EE1D263C63C700A022B1;
					};
				};
			};
			buildConfigurationList = EA78EE19263C63C700A022B1 /* Build configuration list for PBXProject "TicTacToe" */;
			compatibilityVersion = "Xcode 9.3";
			developmentRegion = en;
			hasScannedForEncodings = 0;
			knownRegions = (
				en,
				Base,
			);
			mainGroup = EA78EE15263C63C700A022B1;
			productRefGroup = EA78EE1F263C63C700A022B1 /* Products */;
			projectDirPath = "";
			projectRoot = "";
			targets = (
				EA78EE1D263C63C700A022B1 /* TicTacToe */,
				EA78EE2E263C63C800A022B1 /* TicTacToeTests */,
				EA78EE39263C63C800A022B1 /* TicTacToeUITests */,
			);
		};
/* End PBXProject section */

/* Begin PBXResourcesBuildPhase section */
		EA78EE1C263C63C700A022B1 /* Resources */ = {
			isa = PBXResourcesBuildPhase;
			buildActionMask = 2147483647;
			files = (
				EA78EE29263C63C800A022B1 /* Preview Assets.xcassets in Resources */,
				EA78EE26263C63C800A022B1 /* Assets.xcassets in Resources */,
			);
			runOnlyForDeploymentPostprocessing = 0;
		};
		EA78EE2D263C63C800A022B1 /* Resources */ = {
			isa = PBXResourcesBuildPhase;
			buildActionMask = 2147483647;
			files = (
			);
			runOnlyForDeploymentPostprocessing = 0;
		};
		EA78EE38263C63C800A022B1 /* Resources */ = {
			isa = PBXResourcesBuildPhase;
			buildActionMask = 2147483647;
			files = (
			);
			runOnlyForDeploymentPostprocessing = 0;
		};
/* End PBXResourcesBuildPhase section */

/* Begin PBXSourcesBuildPhase section */
		EA78EE1A263C63C700A022B1 /* Sources */ = {
			isa = PBXSourcesBuildPhase;
			buildActionMask = 2147483647;
			files = (
				EA08F308263C9D9100C068F4 /* GameViewModel.swift in Sources */,
				EA78EE24263C63C700A022B1 /* GameView.swift in Sources */,
				EA78EE4D263C707700A022B1 /* Alerts.swift in Sources */,
				EA78EE22263C63C700A022B1 /* TicTacToeApp.swift in Sources */,
			);
			runOnlyForDeploymentPostprocessing = 0;
		};
		EA78EE2B263C63C800A022B1 /* Sources */ = {
			isa = PBXSourcesBuildPhase;
			buildActionMask = 2147483647;
			files = (
				EAB80223264221BF00CF61C8 /* GameViewModelTests.swift in Sources */,
				EA78EE34263C63C800A022B1 /* TicTacToeTests.swift in Sources */,
			);
			runOnlyForDeploymentPostprocessing = 0;
		};
		EA78EE36263C63C800A022B1 /* Sources */ = {
			isa = PBXSourcesBuildPhase;
			buildActionMask = 2147483647;
			files = (
				EA78EE3F263C63C800A022B1 /* TicTacToeUITests.swift in Sources */,
			);
			runOnlyForDeploymentPostprocessing = 0;
		};
/* End PBXSourcesBuildPhase section */

/* Begin PBXTargetDependency section */
		EA78EE31263C63C800A022B1 /* PBXTargetDependency */ = {
			isa = PBXTargetDependency;
			target = EA78EE1D263C63C700A022B1 /* TicTacToe */;
			targetProxy = EA78EE30263C63C800A022B1 /* PBXContainerItemProxy */;
		};
		EA78EE3C263C63C800A022B1 /* PBXTargetDependency */ = {
			isa = PBXTargetDependency;
			target = EA78EE1D263C63C700A022B1 /* TicTacToe */;
			targetProxy = EA78EE3B263C63C800A022B1 /* PBXContainerItemProxy */;
		};
/* End PBXTargetDependency section */

/* Begin XCBuildConfiguration section */
		EA78EE41263C63C800A022B1 /* Debug */ = {
			isa = XCBuildConfiguration;
			buildSettings = {
				ALWAYS_SEARCH_USER_PATHS = NO;
				CLANG_ANALYZER_NONNULL = YES;
				CLANG_ANALYZER_NUMBER_OBJECT_CONVERSION = YES_AGGRESSIVE;
				CLANG_CXX_LANGUAGE_STANDARD = "gnu++14";
				CLANG_CXX_LIBRARY = "libc++";
				CLANG_ENABLE_MODULES = YES;
				CLANG_ENABLE_OBJC_ARC = YES;
				CLANG_ENABLE_OBJC_WEAK = YES;
				CLANG_WARN_BLOCK_CAPTURE_AUTORELEASING = YES;
				CLANG_WARN_BOOL_CONVERSION = YES;
				CLANG_WARN_COMMA = YES;
				CLANG_WARN_CONSTANT_CONVERSION = YES;
				CLANG_WARN_DEPRECATED_OBJC_IMPLEMENTATIONS = YES;
				CLANG_WARN_DIRECT_OBJC_ISA_USAGE = YES_ERROR;
				CLANG_WARN_DOCUMENTATION_COMMENTS = YES;
				CLANG_WARN_EMPTY_BODY = YES;
				CLANG_WARN_ENUM_CONVERSION = YES;
				CLANG_WARN_INFINITE_RECURSION = YES;
				CLANG_WARN_INT_CONVERSION = YES;
				CLANG_WARN_NON_LITERAL_NULL_CONVERSION = YES;
				CLANG_WARN_OBJC_IMPLICIT_RETAIN_SELF = YES;
				CLANG_WARN_OBJC_LITERAL_CONVERSION = YES;
				CLANG_WARN_OBJC_ROOT_CLASS = YES_ERROR;
				CLANG_WARN_QUOTED_INCLUDE_IN_FRAMEWORK_HEADER = YES;
				CLANG_WARN_RANGE_LOOP_ANALYSIS = YES;
				CLANG_WARN_STRICT_PROTOTYPES = YES;
				CLANG_WARN_SUSPICIOUS_MOVE = YES;
				CLANG_WARN_UNGUARDED_AVAILABILITY = YES_AGGRESSIVE;
				CLANG_WARN_UNREACHABLE_CODE = YES;
				CLANG_WARN__DUPLICATE_METHOD_MATCH = YES;
				COPY_PHASE_STRIP = NO;
				DEBUG_INFORMATION_FORMAT = dwarf;
				ENABLE_STRICT_OBJC_MSGSEND = YES;
				ENABLE_TESTABILITY = YES;
				GCC_C_LANGUAGE_STANDARD = gnu11;
				GCC_DYNAMIC_NO_PIC = NO;
				GCC_NO_COMMON_BLOCKS = YES;
				GCC_OPTIMIZATION_LEVEL = 0;
				GCC_PREPROCESSOR_DEFINITIONS = (
					"DEBUG=1",
					"$(inherited)",
				);
				GCC_WARN_64_TO_32_BIT_CONVERSION = YES;
				GCC_WARN_ABOUT_RETURN_TYPE = YES_ERROR;
				GCC_WARN_UNDECLARED_SELECTOR = YES;
				GCC_WARN_UNINITIALIZED_AUTOS = YES_AGGRESSIVE;
				GCC_WARN_UNUSED_FUNCTION = YES;
				GCC_WARN_UNUSED_VARIABLE = YES;
				IPHONEOS_DEPLOYMENT_TARGET = 14.5;
				MTL_ENABLE_DEBUG_INFO = INCLUDE_SOURCE;
				MTL_FAST_MATH = YES;
				ONLY_ACTIVE_ARCH = YES;
				SDKROOT = iphoneos;
				SWIFT_ACTIVE_COMPILATION_CONDITIONS = DEBUG;
				SWIFT_OPTIMIZATION_LEVEL = "-Onone";
			};
			name = Debug;
		};
		EA78EE42263C63C800A022B1 /* Release */ = {
			isa = XCBuildConfiguration;
			buildSettings = {
				ALWAYS_SEARCH_USER_PATHS = NO;
				CLANG_ANALYZER_NONNULL = YES;
				CLANG_ANALYZER_NUMBER_OBJECT_CONVERSION = YES_AGGRESSIVE;
				CLANG_CXX_LANGUAGE_STANDARD = "gnu++14";
				CLANG_CXX_LIBRARY = "libc++";
				CLANG_ENABLE_MODULES = YES;
				CLANG_ENABLE_OBJC_ARC = YES;
				CLANG_ENABLE_OBJC_WEAK = YES;
				CLANG_WARN_BLOCK_CAPTURE_AUTORELEASING = YES;
				CLANG_WARN_BOOL_CONVERSION = YES;
				CLANG_WARN_COMMA = YES;
				CLANG_WARN_CONSTANT_CONVERSION = YES;
				CLANG_WARN_DEPRECATED_OBJC_IMPLEMENTATIONS = YES;
				CLANG_WARN_DIRECT_OBJC_ISA_USAGE = YES_ERROR;
				CLANG_WARN_DOCUMENTATION_COMMENTS = YES;
				CLANG_WARN_EMPTY_BODY = YES;
				CLANG_WARN_ENUM_CONVERSION = YES;
				CLANG_WARN_INFINITE_RECURSION = YES;
				CLANG_WARN_INT_CONVERSION = YES;
				CLANG_WARN_NON_LITERAL_NULL_CONVERSION = YES;
				CLANG_WARN_OBJC_IMPLICIT_RETAIN_SELF = YES;
				CLANG_WARN_OBJC_LITERAL_CONVERSION = YES;
				CLANG_WARN_OBJC_ROOT_CLASS = YES_ERROR;
				CLANG_WARN_QUOTED_INCLUDE_IN_FRAMEWORK_HEADER = YES;
				CLANG_WARN_RANGE_LOOP_ANALYSIS = YES;
				CLANG_WARN_STRICT_PROTOTYPES = YES;
				CLANG_WARN_SUSPICIOUS_MOVE = YES;
				CLANG_WARN_UNGUARDED_AVAILABILITY = YES_AGGRESSIVE;
				CLANG_WARN_UNREACHABLE_CODE = YES;
				CLANG_WARN__DUPLICATE_METHOD_MATCH = YES;
				COPY_PHASE_STRIP = NO;
				DEBUG_INFORMATION_FORMAT = "dwarf-with-dsym";
				ENABLE_NS_ASSERTIONS = NO;
				ENABLE_STRICT_OBJC_MSGSEND = YES;
				GCC_C_LANGUAGE_STANDARD = gnu11;
				GCC_NO_COMMON_BLOCKS = YES;
				GCC_WARN_64_TO_32_BIT_CONVERSION = YES;
				GCC_WARN_ABOUT_RETURN_TYPE = YES_ERROR;
				GCC_WARN_UNDECLARED_SELECTOR = YES;
				GCC_WARN_UNINITIALIZED_AUTOS = YES_AGGRESSIVE;
				GCC_WARN_UNUSED_FUNCTION = YES;
				GCC_WARN_UNUSED_VARIABLE = YES;
				IPHONEOS_DEPLOYMENT_TARGET = 14.5;
				MTL_ENABLE_DEBUG_INFO = NO;
				MTL_FAST_MATH = YES;
				SDKROOT = iphoneos;
				SWIFT_COMPILATION_MODE = wholemodule;
				SWIFT_OPTIMIZATION_LEVEL = "-O";
				VALIDATE_PRODUCT = YES;
			};
			name = Release;
		};
		EA78EE44263C63C800A022B1 /* Debug */ = {
			isa = XCBuildConfiguration;
			buildSettings = {
				ASSETCATALOG_COMPILER_APPICON_NAME = AppIcon;
				ASSETCATALOG_COMPILER_GLOBAL_ACCENT_COLOR_NAME = AccentColor;
				CODE_SIGN_STYLE = Automatic;
				DEVELOPMENT_ASSET_PATHS = "\"TicTacToe/Preview Content\"";
				DEVELOPMENT_TEAM = 47BFGLRF62;
				ENABLE_PREVIEWS = YES;
				INFOPLIST_FILE = TicTacToe/Info.plist;
				IPHONEOS_DEPLOYMENT_TARGET = 14.0;
				LD_RUNPATH_SEARCH_PATHS = (
					"$(inherited)",
					"@executable_path/Frameworks",
				);
				PRODUCT_BUNDLE_IDENTIFIER = com.fbonareis.TicTacToe;
				PRODUCT_NAME = "$(TARGET_NAME)";
				SWIFT_VERSION = 5.0;
				TARGETED_DEVICE_FAMILY = "1,2";
			};
			name = Debug;
		};
		EA78EE45263C63C800A022B1 /* Release */ = {
			isa = XCBuildConfiguration;
			buildSettings = {
				ASSETCATALOG_COMPILER_APPICON_NAME = AppIcon;
				ASSETCATALOG_COMPILER_GLOBAL_ACCENT_COLOR_NAME = AccentColor;
				CODE_SIGN_STYLE = Automatic;
				DEVELOPMENT_ASSET_PATHS = "\"TicTacToe/Preview Content\"";
				DEVELOPMENT_TEAM = 47BFGLRF62;
				ENABLE_PREVIEWS = YES;
				INFOPLIST_FILE = TicTacToe/Info.plist;
				IPHONEOS_DEPLOYMENT_TARGET = 14.0;
				LD_RUNPATH_SEARCH_PATHS = (
					"$(inherited)",
					"@executable_path/Frameworks",
				);
				PRODUCT_BUNDLE_IDENTIFIER = com.fbonareis.TicTacToe;
				PRODUCT_NAME = "$(TARGET_NAME)";
				SWIFT_VERSION = 5.0;
				TARGETED_DEVICE_FAMILY = "1,2";
			};
			name = Release;
		};
		EA78EE47263C63C800A022B1 /* Debug */ = {
			isa = XCBuildConfiguration;
			buildSettings = {
				ALWAYS_EMBED_SWIFT_STANDARD_LIBRARIES = YES;
				BUNDLE_LOADER = "$(TEST_HOST)";
				CODE_SIGN_STYLE = Automatic;
				DEVELOPMENT_TEAM = 47BFGLRF62;
				INFOPLIST_FILE = TicTacToeTests/Info.plist;
				IPHONEOS_DEPLOYMENT_TARGET = 14.0;
				LD_RUNPATH_SEARCH_PATHS = (
					"$(inherited)",
					"@executable_path/Frameworks",
					"@loader_path/Frameworks",
				);
				PRODUCT_BUNDLE_IDENTIFIER = com.fbonareis.TicTacToeTests;
				PRODUCT_NAME = "$(TARGET_NAME)";
				SWIFT_VERSION = 5.0;
				TARGETED_DEVICE_FAMILY = "1,2";
				TEST_HOST = "$(BUILT_PRODUCTS_DIR)/TicTacToe.app/TicTacToe";
			};
			name = Debug;
		};
		EA78EE48263C63C800A022B1 /* Release */ = {
			isa = XCBuildConfiguration;
			buildSettings = {
				ALWAYS_EMBED_SWIFT_STANDARD_LIBRARIES = YES;
				BUNDLE_LOADER = "$(TEST_HOST)";
				CODE_SIGN_STYLE = Automatic;
				DEVELOPMENT_TEAM = 47BFGLRF62;
				INFOPLIST_FILE = TicTacToeTests/Info.plist;
				IPHONEOS_DEPLOYMENT_TARGET = 14.0;
				LD_RUNPATH_SEARCH_PATHS = (
					"$(inherited)",
					"@executable_path/Frameworks",
					"@loader_path/Frameworks",
				);
				PRODUCT_BUNDLE_IDENTIFIER = com.fbonareis.TicTacToeTests;
				PRODUCT_NAME = "$(TARGET_NAME)";
				SWIFT_VERSION = 5.0;
				TARGETED_DEVICE_FAMILY = "1,2";
				TEST_HOST = "$(BUILT_PRODUCTS_DIR)/TicTacToe.app/TicTacToe";
			};
			name = Release;
		};
		EA78EE4A263C63C800A022B1 /* Debug */ = {
			isa = XCBuildConfiguration;
			buildSettings = {
				ALWAYS_EMBED_SWIFT_STANDARD_LIBRARIES = YES;
				CODE_SIGN_STYLE = Automatic;
				DEVELOPMENT_TEAM = 47BFGLRF62;
				INFOPLIST_FILE = TicTacToeUITests/Info.plist;
				LD_RUNPATH_SEARCH_PATHS = (
					"$(inherited)",
					"@executable_path/Frameworks",
					"@loader_path/Frameworks",
				);
				PRODUCT_BUNDLE_IDENTIFIER = com.fbonareis.TicTacToeUITests;
				PRODUCT_NAME = "$(TARGET_NAME)";
				SWIFT_VERSION = 5.0;
				TARGETED_DEVICE_FAMILY = "1,2";
				TEST_TARGET_NAME = TicTacToe;
			};
			name = Debug;
		};
		EA78EE4B263C63C800A022B1 /* Release */ = {
			isa = XCBuildConfiguration;
			buildSettings = {
				ALWAYS_EMBED_SWIFT_STANDARD_LIBRARIES = YES;
				CODE_SIGN_STYLE = Automatic;
				DEVELOPMENT_TEAM = 47BFGLRF62;
				INFOPLIST_FILE = TicTacToeUITests/Info.plist;
				LD_RUNPATH_SEARCH_PATHS = (
					"$(inherited)",
					"@executable_path/Frameworks",
					"@loader_path/Frameworks",
				);
				PRODUCT_BUNDLE_IDENTIFIER = com.fbonareis.TicTacToeUITests;
				PRODUCT_NAME = "$(TARGET_NAME)";
				SWIFT_VERSION = 5.0;
				TARGETED_DEVICE_FAMILY = "1,2";
				TEST_TARGET_NAME = TicTacToe;
			};
			name = Release;
		};
/* End XCBuildConfiguration section */

/* Begin XCConfigurationList section */
		EA78EE19263C63C700A022B1 /* Build configuration list for PBXProject "TicTacToe" */ = {
			isa = XCConfigurationList;
			buildConfigurations = (
				EA78EE41263C63C800A022B1 /* Debug */,
				EA78EE42263C63C800A022B1 /* Release */,
			);
			defaultConfigurationIsVisible = 0;
			defaultConfigurationName = Release;
		};
		EA78EE43263C63C800A022B1 /* Build configuration list for PBXNativeTarget "TicTacToe" */ = {
			isa = XCConfigurationList;
			buildConfigurations = (
				EA78EE44263C63C800A022B1 /* Debug */,
				EA78EE45263C63C800A022B1 /* Release */,
			);
			defaultConfigurationIsVisible = 0;
			defaultConfigurationName = Release;
		};
		EA78EE46263C63C800A022B1 /* Build configuration list for PBXNativeTarget "TicTacToeTests" */ = {
			isa = XCConfigurationList;
			buildConfigurations = (
				EA78EE47263C63C800A022B1 /* Debug */,
				EA78EE48263C63C800A022B1 /* Release */,
			);
			defaultConfigurationIsVisible = 0;
			defaultConfigurationName = Release;
		};
		EA78EE49263C63C800A022B1 /* Build configuration list for PBXNativeTarget "TicTacToeUITests" */ = {
			isa = XCConfigurationList;
			buildConfigurations = (
				EA78EE4A263C63C800A022B1 /* Debug */,
				EA78EE4B263C63C800A022B1 /* Release */,
			);
			defaultConfigurationIsVisible = 0;
			defaultConfigurationName = Release;
		};
/* End XCConfigurationList section */
	};
	rootObject = EA78EE16263C63C700A022B1 /* Project object */;
}
